
Microsoft Visual Studio Solution File, Format Version 12.00
# Visual Studio Version 16
VisualStudioVersion = 16.0.28803.202
MinimumVisualStudioVersion = 10.0.40219.1
Project("{FAE04EC0-301F-11D3-BF4B-00C04F79EFBC}") = "GameOfLife", "GameOfLife\GameOfLife.csproj", "{EE81734F-A577-46A5-9C2A-EC1193D590EB}"
EndProject
Global
	GlobalSection(SolutionConfigurationPlatforms) = preSolution
		Debug|Any CPU = Debug|Any CPU
		Release|Any CPU = Release|Any CPU
	EndGlobalSection
	GlobalSection(ProjectConfigurationPlatforms) = postSolution
		{EE81734F-A577-46A5-9C2A-EC1193D590EB}.Debug|Any CPU.ActiveCfg = Debug|Any CPU
		{EE81734F-A577-46A5-9C2A-EC1193D590EB}.Debug|Any CPU.Build.0 = Debug|Any CPU
		{EE81734F-A577-46A5-9C2A-EC1193D590EB}.Release|Any CPU.ActiveCfg = Release|Any CPU
		{EE81734F-A577-46A5-9C2A-EC1193D590EB}.Release|Any CPU.Build.0 = Release|Any CPU
	EndGlobalSection
	GlobalSection(SolutionProperties) = preSolution
		HideSolutionNode = FALSE
	EndGlobalSection
	GlobalSection(ExtensibilityGlobals) = postSolution
		SolutionGuid = {A530CFE4-D081-40BA-B64A-12DAD4584FBD}
	EndGlobalSection
EndGlobal
